{
	"name": "n3.ts",
	"version": "0.0.1",
	"lockfileVersion": 1,
	"requires": true,
	"dependencies": {
		"@types/node": {
			"version": "14.0.5",
			"resolved": "https://registry.npmjs.org/@types/node/-/node-14.0.5.tgz",
			"integrity": "sha512-90hiq6/VqtQgX8Sp0EzeIsv3r+ellbGj4URKj5j30tLlZvRUpnAe9YbYnjl3pJM93GyXU0tghHhvXHq+5rnCKA=="
		},
		"@types/rdf-js": {
			"version": "3.0.0",
			"resolved": "https://registry.npmjs.org/@types/rdf-js/-/rdf-js-3.0.0.tgz",
			"integrity": "sha512-IUUXkMAt1iU7XhrNnjwPHeYkk5s71T8m95FoZmpjhi/3ngA0hyeQxST5i1Ul1y/dh/lePH1u4BwTH3ZKULYSIg==",
			"requires": {
				"@types/node": "*"
			}
		}
	}
}
