{
	"name": "n3.ts",
	"version": "0.0.9",
	"lockfileVersion": 1,
	"requires": true,
	"dependencies": {
		"@types/node": {
			"version": "14.6.1",
			"resolved": "https://registry.npmjs.org/@types/node/-/node-14.6.1.tgz",
			"integrity": "sha512-HnYlg/BRF8uC1FyKRFZwRaCPTPYKa+6I8QiUZFLredaGOou481cgFS4wKRFyKvQtX8xudqkSdBczJHIYSQYKrQ=="
		},
		"@types/rdf-js": {
			"version": "3.0.3",
			"resolved": "https://registry.npmjs.org/@types/rdf-js/-/rdf-js-3.0.3.tgz",
			"integrity": "sha512-1dvodNHh/YpLovHA/b046Nu+xERVt0KcYJFQH1A8S4ZcMj+stYtx4ypXw0X2/oatbREUo4JW+cjoBll3CVtwSQ==",
			"requires": {
				"@types/node": "*"
			}
		}
	}
}
