{
	"name": "n3.ts",
	"version": "0.0.6",
	"lockfileVersion": 1,
	"requires": true,
	"dependencies": {
		"@types/node": {
			"version": "14.0.24",
			"resolved": "https://registry.npmjs.org/@types/node/-/node-14.0.24.tgz",
			"integrity": "sha512-btt/oNOiDWcSuI721MdL8VQGnjsKjlTMdrKyTcLCKeQp/n4AAMFJ961wMbp+09y8WuGPClDEv07RIItdXKIXAA=="
		},
		"@types/rdf-js": {
			"version": "3.0.3",
			"resolved": "https://registry.npmjs.org/@types/rdf-js/-/rdf-js-3.0.3.tgz",
			"integrity": "sha512-1dvodNHh/YpLovHA/b046Nu+xERVt0KcYJFQH1A8S4ZcMj+stYtx4ypXw0X2/oatbREUo4JW+cjoBll3CVtwSQ==",
			"requires": {
				"@types/node": "*"
			}
		}
	}
}
